
Microsoft Visual Studio Solution File, Format Version 12.00
# Visual Studio Version 17
VisualStudioVersion = 17.9.34723.18
MinimumVisualStudioVersion = 10.0.40219.1
Project("{FAE04EC0-301F-11D3-BF4B-00C04F79EFBC}") = "WindowsFormsApp1", "WindowsFormsApp1\WindowsFormsApp1.csproj", "{F4C72394-65DA-472C-8E50-B59CEABD47CC}"
EndProject
Global
	GlobalSection(SolutionConfigurationPlatforms) = preSolution
		Debug|Any CPU = Debug|Any CPU
		Release|Any CPU = Release|Any CPU
	EndGlobalSection
	GlobalSection(ProjectConfigurationPlatforms) = postSolution
		{F4C72394-65DA-472C-8E50-B59CEABD47CC}.Debug|Any CPU.ActiveCfg = Debug|Any CPU
		{F4C72394-65DA-472C-8E50-B59CEABD47CC}.Debug|Any CPU.Build.0 = Debug|Any CPU
		{F4C72394-65DA-472C-8E50-B59CEABD47CC}.Release|Any CPU.ActiveCfg = Release|Any CPU
		{F4C72394-65DA-472C-8E50-B59CEABD47CC}.Release|Any CPU.Build.0 = Release|Any CPU
	EndGlobalSection
	GlobalSection(SolutionProperties) = preSolution
		HideSolutionNode = FALSE
	EndGlobalSection
	GlobalSection(ExtensibilityGlobals) = postSolution
		SolutionGuid = {2D70F599-871B-45DD-AD55-930E40A7FD2D}
	EndGlobalSection
EndGlobal
